
Microsoft Visual Studio Solution File, Format Version 12.00
# Visual Studio Version 17
VisualStudioVersion = 17.5.002.0
MinimumVisualStudioVersion = 10.0.40219.1
Project("{9A19103F-16F7-4668-BE54-9A1E7A4F7556}") = "dywidag.Tests", "dywidag.Tests.csproj", "{7B7D9987-6101-45D1-91E3-5B65B08A7C91}"
EndProject
Global
	GlobalSection(SolutionConfigurationPlatforms) = preSolution
		Debug|Any CPU = Debug|Any CPU
		Release|Any CPU = Release|Any CPU
	EndGlobalSection
	GlobalSection(ProjectConfigurationPlatforms) = postSolution
		{7B7D9987-6101-45D1-91E3-5B65B08A7C91}.Debug|Any CPU.ActiveCfg = Debug|Any CPU
		{7B7D9987-6101-45D1-91E3-5B65B08A7C91}.Debug|Any CPU.Build.0 = Debug|Any CPU
		{7B7D9987-6101-45D1-91E3-5B65B08A7C91}.Release|Any CPU.ActiveCfg = Release|Any CPU
		{7B7D9987-6101-45D1-91E3-5B65B08A7C91}.Release|Any CPU.Build.0 = Release|Any CPU
	EndGlobalSection
	GlobalSection(SolutionProperties) = preSolution
		HideSolutionNode = FALSE
	EndGlobalSection
	GlobalSection(ExtensibilityGlobals) = postSolution
		SolutionGuid = {43776CE6-9CA0-4642-A907-299F01F909A8}
	EndGlobalSection
EndGlobal
